
Microsoft Visual Studio Solution File, Format Version 12.00
# Visual Studio Version 16
VisualStudioVersion = 16.0.29613.14
MinimumVisualStudioVersion = 10.0.40219.1
Project("{9A19103F-16F7-4668-BE54-9A1E7A4F7556}") = "S3ThumbnailGenerator", "S3ThumbnailGenerator.csproj", "{A985B7EA-17A5-4EB9-912A-83540B4ED258}"
EndProject
Global
	GlobalSection(SolutionConfigurationPlatforms) = preSolution
		Debug|Any CPU = Debug|Any CPU
		Release|Any CPU = Release|Any CPU
	EndGlobalSection
	GlobalSection(ProjectConfigurationPlatforms) = postSolution
		{A985B7EA-17A5-4EB9-912A-83540B4ED258}.Debug|Any CPU.ActiveCfg = Debug|Any CPU
		{A985B7EA-17A5-4EB9-912A-83540B4ED258}.Debug|Any CPU.Build.0 = Debug|Any CPU
		{A985B7EA-17A5-4EB9-912A-83540B4ED258}.Release|Any CPU.ActiveCfg = Release|Any CPU
		{A985B7EA-17A5-4EB9-912A-83540B4ED258}.Release|Any CPU.Build.0 = Release|Any CPU
	EndGlobalSection
	GlobalSection(SolutionProperties) = preSolution
		HideSolutionNode = FALSE
	EndGlobalSection
	GlobalSection(ExtensibilityGlobals) = postSolution
		SolutionGuid = {8EB34C89-192F-4A65-BE72-86414E8E2F84}
	EndGlobalSection
EndGlobal
